
Microsoft Visual Studio Solution File, Format Version 12.00
# Visual Studio Version 17
VisualStudioVersion = 17.0.31919.166
MinimumVisualStudioVersion = 10.0.40219.1
Project("{9A19103F-16F7-4668-BE54-9A1E7A4F7556}") = "SnapCrap", "src\SnapCrap.csproj", "{4A5ACD6D-0797-4828-AC92-4E594E27A3D0}"
EndProject
Global
	GlobalSection(SolutionConfigurationPlatforms) = preSolution
		Debug|Any CPU = Debug|Any CPU
		Release|Any CPU = Release|Any CPU
	EndGlobalSection
	GlobalSection(ProjectConfigurationPlatforms) = postSolution
		{4A5ACD6D-0797-4828-AC92-4E594E27A3D0}.Debug|Any CPU.ActiveCfg = Debug|Any CPU
		{4A5ACD6D-0797-4828-AC92-4E594E27A3D0}.Debug|Any CPU.Build.0 = Debug|Any CPU
		{4A5ACD6D-0797-4828-AC92-4E594E27A3D0}.Release|Any CPU.ActiveCfg = Release|Any CPU
		{4A5ACD6D-0797-4828-AC92-4E594E27A3D0}.Release|Any CPU.Build.0 = Release|Any CPU
	EndGlobalSection
	GlobalSection(SolutionProperties) = preSolution
		HideSolutionNode = FALSE
	EndGlobalSection
	GlobalSection(ExtensibilityGlobals) = postSolution
		SolutionGuid = {565EE6E2-4C07-4B47-8194-C6B78F5F85D8}
	EndGlobalSection
EndGlobal
